lockfileVersion: '9.0'

settings:
  autoInstallPeers: true
  excludeLinksFromLockfile: false

importers:

  .:
    devDependencies:
      miniprogram-api-typings:
        specifier: ^4.0.0
        version: 4.1.3
      typescript:
        specifier: ^5.9.3
        version: 5.9.3

packages:

  miniprogram-api-typings@4.1.3:
    resolution: {integrity: sha512-5mobiXzDS3KFJMM20cIg5m7hiFSJY0YGpgm5yzFeIJ+UP15RGOtW/ztqAhRfOQIvPBD0WyYB+WFCWaeeTTEZTQ==}

  typescript@5.9.3:
    resolution: {integrity: sha512-jl1vZzPDinLr9eUt3J/t7V6FgNEw9QjvBPdysz9KfQDD41fQrC2Y4vKQdiaUpFT4bXlb1RHhLpp8wtm6M5TgSw==}
    engines: {node: '>=14.17'}
    hasBin: true

snapshots:

  miniprogram-api-typings@4.1.3: {}

  typescript@5.9.3: {}
